{
  "version": 4,
  "terraform_version": "1.3.6",
  "serial": 4,
  "lineage": "a2f471d7-1598-facf-b0e0-ebb17a431f18",
  "outputs": {
    "direccion_apache": {
      "value": "172.17.0.4",
      "type": "string"
    },
    "direccion_balanceador": {
      "value": "172.17.0.3",
      "type": "string"
    }
  },
  "resources": [
    {
      "module": "module.apache",
      "mode": "managed",
      "type": "docker_container",
      "name": "micontenedor",
      "provider": "provider[\"registry.terraform.io/kreuzwerker/docker\"]",
      "instances": [
        {
          "schema_version": 2,
          "attributes": {
            "attach": false,
            "bridge": "",
            "capabilities": [],
            "command": [
              "httpd-foreground"
            ],
            "container_logs": null,
            "container_read_refresh_timeout_milliseconds": 15000,
            "cpu_set": "",
            "cpu_shares": 0,
            "destroy_grace_seconds": null,
            "devices": [],
            "dns": null,
            "dns_opts": null,
            "dns_search": null,
            "domainname": "",
            "entrypoint": [],
            "env": [
              "WORKERS=1"
            ],
            "exit_code": null,
            "gateway": "172.17.0.1",
            "gpus": null,
            "group_add": null,
            "healthcheck": null,
            "host": [],
            "hostname": "507bb36d7020",
            "id": "507bb36d702066270f83e772c7f5e269cb0d978478f31ea1fad6500655f517f5",
            "image": "sha256:157dcdf23d6c0ebe14bedd910dfa29d224f75ed104757c7866fa708eaefd16de",
            "init": false,
            "ip_address": "172.17.0.4",
            "ip_prefix_length": 16,
            "ipc_mode": "private",
            "labels": [],
            "links": null,
            "log_driver": "json-file",
            "log_opts": null,
            "logs": false,
            "max_retry_count": 0,
            "memory": 0,
            "memory_swap": 0,
            "mounts": [],
            "must_run": true,
            "name": "servidor.apache",
            "network_alias": null,
            "network_data": [
              {
                "gateway": "172.17.0.1",
                "global_ipv6_address": "",
                "global_ipv6_prefix_length": 0,
                "ip_address": "172.17.0.4",
                "ip_prefix_length": 16,
                "ipv6_gateway": "",
                "network_name": "bridge"
              }
            ],
            "network_mode": "default",
            "networks": null,
            "networks_advanced": [],
            "pid_mode": "",
            "ports": [
              {
                "external": 9000,
                "internal": 80,
                "ip": "0.0.0.0",
                "protocol": "tcp"
              }
            ],
            "privileged": false,
            "publish_all_ports": false,
            "read_only": false,
            "remove_volumes": true,
            "restart": "no",
            "rm": false,
            "runtime": "runc",
            "security_opts": [],
            "shm_size": 64,
            "start": true,
            "stdin_open": false,
            "stop_signal": "SIGWINCH",
            "stop_timeout": 0,
            "storage_opts": null,
            "sysctls": null,
            "tmpfs": null,
            "tty": false,
            "ulimit": [],
            "upload": [],
            "user": "",
            "userns_mode": "",
            "volumes": [],
            "wait": false,
            "wait_timeout": 60,
            "working_dir": "/usr/local/apache2"
          },
          "sensitive_attributes": [],
          "private": "eyJzY2hlbWFfdmVyc2lvbiI6IjIifQ==",
          "dependencies": [
            "module.apache.docker_image.miimagen"
          ]
        }
      ]
    },
    {
      "module": "module.apache",
      "mode": "managed",
      "type": "docker_image",
      "name": "miimagen",
      "provider": "provider[\"registry.terraform.io/kreuzwerker/docker\"]",
      "instances": [
        {
          "schema_version": 0,
          "attributes": {
            "build": [],
            "force_remove": null,
            "id": "sha256:157dcdf23d6c0ebe14bedd910dfa29d224f75ed104757c7866fa708eaefd16dehttpd:latest",
            "image_id": "sha256:157dcdf23d6c0ebe14bedd910dfa29d224f75ed104757c7866fa708eaefd16de",
            "keep_locally": null,
            "latest": "sha256:157dcdf23d6c0ebe14bedd910dfa29d224f75ed104757c7866fa708eaefd16de",
            "name": "httpd:latest",
            "output": null,
            "pull_trigger": null,
            "pull_triggers": null,
            "repo_digest": "httpd@sha256:550274cfad1e6ab57cd5009b22a2d97946bdae50989db350a222dae93babc723",
            "triggers": null
          },
          "sensitive_attributes": [],
          "private": "bnVsbA=="
        }
      ]
    },
    {
      "module": "module.balanceador",
      "mode": "managed",
      "type": "docker_container",
      "name": "micontenedor",
      "provider": "provider[\"registry.terraform.io/kreuzwerker/docker\"]",
      "instances": [
        {
          "schema_version": 2,
          "attributes": {
            "attach": false,
            "bridge": "",
            "capabilities": [],
            "command": [
              "nginx",
              "-g",
              "daemon off;"
            ],
            "container_logs": null,
            "container_read_refresh_timeout_milliseconds": 15000,
            "cpu_set": "",
            "cpu_shares": 0,
            "destroy_grace_seconds": null,
            "devices": [],
            "dns": null,
            "dns_opts": null,
            "dns_search": null,
            "domainname": "",
            "entrypoint": [
              "/docker-entrypoint.sh"
            ],
            "env": [
              "WORKERS=2"
            ],
            "exit_code": null,
            "gateway": "172.17.0.1",
            "gpus": null,
            "group_add": null,
            "healthcheck": null,
            "host": [],
            "hostname": "0b2f518213da",
            "id": "0b2f518213da523c42d7650a26c14a7462aaef836c14051c84d63141209290da",
            "image": "sha256:1403e55ab369cd1c8039c34e6b4d47ca40bbde39c371254c7cba14756f472f52",
            "init": false,
            "ip_address": "172.17.0.3",
            "ip_prefix_length": 16,
            "ipc_mode": "private",
            "labels": [],
            "links": null,
            "log_driver": "json-file",
            "log_opts": null,
            "logs": false,
            "max_retry_count": 0,
            "memory": 0,
            "memory_swap": 0,
            "mounts": [],
            "must_run": true,
            "name": "servidor.nginx",
            "network_alias": null,
            "network_data": [
              {
                "gateway": "172.17.0.1",
                "global_ipv6_address": "",
                "global_ipv6_prefix_length": 0,
                "ip_address": "172.17.0.3",
                "ip_prefix_length": 16,
                "ipv6_gateway": "",
                "network_name": "bridge"
              }
            ],
            "network_mode": "default",
            "networks": null,
            "networks_advanced": [],
            "pid_mode": "",
            "ports": [],
            "privileged": false,
            "publish_all_ports": false,
            "read_only": false,
            "remove_volumes": true,
            "restart": "no",
            "rm": false,
            "runtime": "runc",
            "security_opts": [],
            "shm_size": 64,
            "start": true,
            "stdin_open": false,
            "stop_signal": "SIGQUIT",
            "stop_timeout": 0,
            "storage_opts": null,
            "sysctls": null,
            "tmpfs": null,
            "tty": false,
            "ulimit": [],
            "upload": [],
            "user": "",
            "userns_mode": "",
            "volumes": [],
            "wait": false,
            "wait_timeout": 60,
            "working_dir": ""
          },
          "sensitive_attributes": [],
          "private": "eyJzY2hlbWFfdmVyc2lvbiI6IjIifQ==",
          "dependencies": [
            "module.balanceador.docker_image.miimagen"
          ]
        }
      ]
    },
    {
      "module": "module.balanceador",
      "mode": "managed",
      "type": "docker_image",
      "name": "miimagen",
      "provider": "provider[\"registry.terraform.io/kreuzwerker/docker\"]",
      "instances": [
        {
          "schema_version": 0,
          "attributes": {
            "build": [],
            "force_remove": null,
            "id": "sha256:1403e55ab369cd1c8039c34e6b4d47ca40bbde39c371254c7cba14756f472f52nginx:latest",
            "image_id": "sha256:1403e55ab369cd1c8039c34e6b4d47ca40bbde39c371254c7cba14756f472f52",
            "keep_locally": null,
            "latest": "sha256:1403e55ab369cd1c8039c34e6b4d47ca40bbde39c371254c7cba14756f472f52",
            "name": "nginx:latest",
            "output": null,
            "pull_trigger": null,
            "pull_triggers": null,
            "repo_digest": "nginx@sha256:b4b4cfb61ce2c6d57fc87536ab718217a0099cb863030eebad4fd7f7db43c2ff",
            "triggers": null
          },
          "sensitive_attributes": [],
          "private": "bnVsbA=="
        }
      ]
    }
  ],
  "check_results": null
}
